
Microsoft Visual Studio Solution File, Format Version 12.00
# Visual Studio Version 17
VisualStudioVersion = 17.4.33403.182
MinimumVisualStudioVersion = 10.0.40219.1
Project("{FAE04EC0-301F-11D3-BF4B-00C04F79EFBC}") = "ef-dbfirst-tutorial", "ef-dbfirst-tutorial\ef-dbfirst-tutorial.csproj", "{BE2CBA19-CC19-4CBD-816F-1472F7B2A3E2}"
EndProject
Global
	GlobalSection(SolutionConfigurationPlatforms) = preSolution
		Debug|Any CPU = Debug|Any CPU
		Release|Any CPU = Release|Any CPU
	EndGlobalSection
	GlobalSection(ProjectConfigurationPlatforms) = postSolution
		{BE2CBA19-CC19-4CBD-816F-1472F7B2A3E2}.Debug|Any CPU.ActiveCfg = Debug|Any CPU
		{BE2CBA19-CC19-4CBD-816F-1472F7B2A3E2}.Debug|Any CPU.Build.0 = Debug|Any CPU
		{BE2CBA19-CC19-4CBD-816F-1472F7B2A3E2}.Release|Any CPU.ActiveCfg = Release|Any CPU
		{BE2CBA19-CC19-4CBD-816F-1472F7B2A3E2}.Release|Any CPU.Build.0 = Release|Any CPU
	EndGlobalSection
	GlobalSection(SolutionProperties) = preSolution
		HideSolutionNode = FALSE
	EndGlobalSection
	GlobalSection(ExtensibilityGlobals) = postSolution
		SolutionGuid = {83122E7C-EE24-4237-B486-0A73086EF32D}
	EndGlobalSection
EndGlobal
